// !$*UTF8*$!
{
	archiveVersion = 1;
	classes = {
	};
	objectVersion = 46;
	objects = {

/* Begin PBXBuildFile section */
		624512A21CCF526400B4AE6B /* CAKeyframeAnimationGIFView.m in Sources */ = {isa = PBXBuildFile; fileRef = 624512A11CCF526400B4AE6B /* CAKeyframeAnimationGIFView.m */; };
		6252DB211CCF337800BAC5A9 /* main.m in Sources */ = {isa = PBXBuildFile; fileRef = 6252DB201CCF337800BAC5A9 /* main.m */; };
		6252DB241CCF337800BAC5A9 /* AppDelegate.m in Sources */ = {isa = PBXBuildFile; fileRef = 6252DB231CCF337800BAC5A9 /* AppDelegate.m */; };
		6252DB271CCF337800BAC5A9 /* ViewController.m in Sources */ = {isa = PBXBuildFile; fileRef = 6252DB261CCF337800BAC5A9 /* ViewController.m */; };
		6252DB2A1CCF337800BAC5A9 /* Main.storyboard in Resources */ = {isa = PBXBuildFile; fileRef = 6252DB281CCF337800BAC5A9 /* Main.storyboard */; };
		6252DB2C1CCF337800BAC5A9 /* Assets.xcassets in Resources */ = {isa = PBXBuildFile; fileRef = 6252DB2B1CCF337800BAC5A9 /* Assets.xcassets */; };
		6252DB2F1CCF337800BAC5A9 /* LaunchScreen.storyboard in Resources */ = {isa = PBXBuildFile; fileRef = 6252DB2D1CCF337800BAC5A9 /* LaunchScreen.storyboard */; };
		6252DB371CCF338200BAC5A9 /* 1.gif in Resources */ = {isa = PBXBuildFile; fileRef = 6252DB361CCF338200BAC5A9 /* 1.gif */; };
		6252DB391CCF35D700BAC5A9 /* 2.gif in Resources */ = {isa = PBXBuildFile; fileRef = 6252DB381CCF35D700BAC5A9 /* 2.gif */; };
		628E88681CCF413300932A5D /* CGImageGIFView.m in Sources */ = {isa = PBXBuildFile; fileRef = 628E88671CCF413300932A5D /* CGImageGIFView.m */; };
		62901BEB1CCF6D6800422753 /* CADisplayLineImage.m in Sources */ = {isa = PBXBuildFile; fileRef = 62901BEA1CCF6D6800422753 /* CADisplayLineImage.m */; };
		62901BEE1CCF6D7D00422753 /* CADisplayLineImageView.m in Sources */ = {isa = PBXBuildFile; fileRef = 62901BED1CCF6D7D00422753 /* CADisplayLineImageView.m */; };
		62E50A851CD0A0A0002A4750 /* 3.gif in Resources */ = {isa = PBXBuildFile; fileRef = 62E50A841CD0A0A0002A4750 /* 3.gif */; };
/* End PBXBuildFile section */

/* Begin PBXFileReference section */
		624512A01CCF526400B4AE6B /* CAKeyframeAnimationGIFView.h */ = {isa = PBXFileReference; fileEncoding = 4; lastKnownFileType = sourcecode.c.h; path = CAKeyframeAnimationGIFView.h; sourceTree = "<group>"; };
		624512A11CCF526400B4AE6B /* CAKeyframeAnimationGIFView.m */ = {isa = PBXFileReference; fileEncoding = 4; lastKnownFileType = sourcecode.c.objc; path = CAKeyframeAnimationGIFView.m; sourceTree = "<group>"; };
		6252DB1C1CCF337800BAC5A9 /* LoadGIF.app */ = {isa = PBXFileReference; explicitFileType = wrapper.application; includeInIndex = 0; path = LoadGIF.app; sourceTree = BUILT_PRODUCTS_DIR; };
		6252DB201CCF337800BAC5A9 /* main.m */ = {isa = PBXFileReference; lastKnownFileType = sourcecode.c.objc; path = main.m; sourceTree = "<group>"; };
		6252DB221CCF337800BAC5A9 /* AppDelegate.h */ = {isa = PBXFileReference; lastKnownFileType = sourcecode.c.h; path = AppDelegate.h; sourceTree = "<group>"; };
		6252DB231CCF337800BAC5A9 /* AppDelegate.m */ = {isa = PBXFileReference; lastKnownFileType = sourcecode.c.objc; path = AppDelegate.m; sourceTree = "<group>"; };
		6252DB251CCF337800BAC5A9 /* ViewController.h */ = {isa = PBXFileReference; lastKnownFileType = sourcecode.c.h; path = ViewController.h; sourceTree = "<group>"; };
		6252DB261CCF337800BAC5A9 /* ViewController.m */ = {isa = PBXFileReference; lastKnownFileType = sourcecode.c.objc; path = ViewController.m; sourceTree = "<group>"; };
		6252DB291CCF337800BAC5A9 /* Base */ = {isa = PBXFileReference; lastKnownFileType = file.storyboard; name = Base; path = Base.lproj/Main.storyboard; sourceTree = "<group>"; };
		6252DB2B1CCF337800BAC5A9 /* Assets.xcassets */ = {isa = PBXFileReference; lastKnownFileType = folder.assetcatalog; path = Assets.xcassets; sourceTree = "<group>"; };
		6252DB2E1CCF337800BAC5A9 /* Base */ = {isa = PBXFileReference; lastKnownFileType = file.storyboard; name = Base; path = Base.lproj/LaunchScreen.storyboard; sourceTree = "<group>"; };
		6252DB301CCF337800BAC5A9 /* Info.plist */ = {isa = PBXFileReference; lastKnownFileType = text.plist.xml; path = Info.plist; sourceTree = "<group>"; };
		6252DB361CCF338200BAC5A9 /* 1.gif */ = {isa = PBXFileReference; lastKnownFileType = image.gif; path = 1.gif; sourceTree = "<group>"; };
		6252DB381CCF35D700BAC5A9 /* 2.gif */ = {isa = PBXFileReference; lastKnownFileType = image.gif; path = 2.gif; sourceTree = "<group>"; };
		628E88661CCF413300932A5D /* CGImageGIFView.h */ = {isa = PBXFileReference; fileEncoding = 4; lastKnownFileType = sourcecode.c.h; path = CGImageGIFView.h; sourceTree = "<group>"; };
		628E88671CCF413300932A5D /* CGImageGIFView.m */ = {isa = PBXFileReference; fileEncoding = 4; lastKnownFileType = sourcecode.c.objc; path = CGImageGIFView.m; sourceTree = "<group>"; };
		62901BE91CCF6D6800422753 /* CADisplayLineImage.h */ = {isa = PBXFileReference; fileEncoding = 4; lastKnownFileType = sourcecode.c.h; path = CADisplayLineImage.h; sourceTree = "<group>"; };
		62901BEA1CCF6D6800422753 /* CADisplayLineImage.m */ = {isa = PBXFileReference; fileEncoding = 4; lastKnownFileType = sourcecode.c.objc; path = CADisplayLineImage.m; sourceTree = "<group>"; };
		62901BEC1CCF6D7D00422753 /* CADisplayLineImageView.h */ = {isa = PBXFileReference; fileEncoding = 4; lastKnownFileType = sourcecode.c.h; path = CADisplayLineImageView.h; sourceTree = "<group>"; };
		62901BED1CCF6D7D00422753 /* CADisplayLineImageView.m */ = {isa = PBXFileReference; fileEncoding = 4; lastKnownFileType = sourcecode.c.objc; path = CADisplayLineImageView.m; sourceTree = "<group>"; };
		62E50A841CD0A0A0002A4750 /* 3.gif */ = {isa = PBXFileReference; lastKnownFileType = image.gif; path = 3.gif; sourceTree = "<group>"; };
/* End PBXFileReference section */

/* Begin PBXFrameworksBuildPhase section */
		6252DB191CCF337800BAC5A9 /* Frameworks */ = {
			isa = PBXFrameworksBuildPhase;
			buildActionMask = 2147483647;
			files = (
			);
			runOnlyForDeploymentPostprocessing = 0;
		};
/* End PBXFrameworksBuildPhase section */

/* Begin PBXGroup section */
		6252DB131CCF337800BAC5A9 = {
			isa = PBXGroup;
			children = (
				6252DB1E1CCF337800BAC5A9 /* LoadGIF */,
				6252DB1D1CCF337800BAC5A9 /* Products */,
			);
			sourceTree = "<group>";
		};
		6252DB1D1CCF337800BAC5A9 /* Products */ = {
			isa = PBXGroup;
			children = (
				6252DB1C1CCF337800BAC5A9 /* LoadGIF.app */,
			);
			name = Products;
			sourceTree = "<group>";
		};
		6252DB1E1CCF337800BAC5A9 /* LoadGIF */ = {
			isa = PBXGroup;
			children = (
				6252DB361CCF338200BAC5A9 /* 1.gif */,
				6252DB381CCF35D700BAC5A9 /* 2.gif */,
				62E50A841CD0A0A0002A4750 /* 3.gif */,
				6252DB221CCF337800BAC5A9 /* AppDelegate.h */,
				6252DB231CCF337800BAC5A9 /* AppDelegate.m */,
				6252DB251CCF337800BAC5A9 /* ViewController.h */,
				6252DB261CCF337800BAC5A9 /* ViewController.m */,
				628E88661CCF413300932A5D /* CGImageGIFView.h */,
				628E88671CCF413300932A5D /* CGImageGIFView.m */,
				624512A01CCF526400B4AE6B /* CAKeyframeAnimationGIFView.h */,
				624512A11CCF526400B4AE6B /* CAKeyframeAnimationGIFView.m */,
				62901BE91CCF6D6800422753 /* CADisplayLineImage.h */,
				62901BEA1CCF6D6800422753 /* CADisplayLineImage.m */,
				62901BEC1CCF6D7D00422753 /* CADisplayLineImageView.h */,
				62901BED1CCF6D7D00422753 /* CADisplayLineImageView.m */,
				6252DB281CCF337800BAC5A9 /* Main.storyboard */,
				6252DB2B1CCF337800BAC5A9 /* Assets.xcassets */,
				6252DB2D1CCF337800BAC5A9 /* LaunchScreen.storyboard */,
				6252DB301CCF337800BAC5A9 /* Info.plist */,
				6252DB1F1CCF337800BAC5A9 /* Supporting Files */,
			);
			path = LoadGIF;
			sourceTree = "<group>";
		};
		6252DB1F1CCF337800BAC5A9 /* Supporting Files */ = {
			isa = PBXGroup;
			children = (
				6252DB201CCF337800BAC5A9 /* main.m */,
			);
			name = "Supporting Files";
			sourceTree = "<group>";
		};
/* End PBXGroup section */

/* Begin PBXNativeTarget section */
		6252DB1B1CCF337800BAC5A9 /* LoadGIF */ = {
			isa = PBXNativeTarget;
			buildConfigurationList = 6252DB331CCF337800BAC5A9 /* Build configuration list for PBXNativeTarget "LoadGIF" */;
			buildPhases = (
				6252DB181CCF337800BAC5A9 /* Sources */,
				6252DB191CCF337800BAC5A9 /* Frameworks */,
				6252DB1A1CCF337800BAC5A9 /* Resources */,
			);
			buildRules = (
			);
			dependencies = (
			);
			name = LoadGIF;
			productName = LoadGIF;
			productReference = 6252DB1C1CCF337800BAC5A9 /* LoadGIF.app */;
			productType = "com.apple.product-type.application";
		};
/* End PBXNativeTarget section */

/* Begin PBXProject section */
		6252DB141CCF337800BAC5A9 /* Project object */ = {
			isa = PBXProject;
			attributes = {
				LastUpgradeCheck = 0730;
				ORGANIZATIONNAME = Bourbon;
				TargetAttributes = {
					6252DB1B1CCF337800BAC5A9 = {
						CreatedOnToolsVersion = 7.3;
					};
				};
			};
			buildConfigurationList = 6252DB171CCF337800BAC5A9 /* Build configuration list for PBXProject "LoadGIF" */;
			compatibilityVersion = "Xcode 3.2";
			developmentRegion = English;
			hasScannedForEncodings = 0;
			knownRegions = (
				en,
				Base,
			);
			mainGroup = 6252DB131CCF337800BAC5A9;
			productRefGroup = 6252DB1D1CCF337800BAC5A9 /* Products */;
			projectDirPath = "";
			projectRoot = "";
			targets = (
				6252DB1B1CCF337800BAC5A9 /* LoadGIF */,
			);
		};
/* End PBXProject section */

/* Begin PBXResourcesBuildPhase section */
		6252DB1A1CCF337800BAC5A9 /* Resources */ = {
			isa = PBXResourcesBuildPhase;
			buildActionMask = 2147483647;
			files = (
				62E50A851CD0A0A0002A4750 /* 3.gif in Resources */,
				6252DB2F1CCF337800BAC5A9 /* LaunchScreen.storyboard in Resources */,
				6252DB391CCF35D700BAC5A9 /* 2.gif in Resources */,
				6252DB2C1CCF337800BAC5A9 /* Assets.xcassets in Resources */,
				6252DB371CCF338200BAC5A9 /* 1.gif in Resources */,
				6252DB2A1CCF337800BAC5A9 /* Main.storyboard in Resources */,
			);
			runOnlyForDeploymentPostprocessing = 0;
		};
/* End PBXResourcesBuildPhase section */

/* Begin PBXSourcesBuildPhase section */
		6252DB181CCF337800BAC5A9 /* Sources */ = {
			isa = PBXSourcesBuildPhase;
			buildActionMask = 2147483647;
			files = (
				62901BEE1CCF6D7D00422753 /* CADisplayLineImageView.m in Sources */,
				62901BEB1CCF6D6800422753 /* CADisplayLineImage.m in Sources */,
				6252DB271CCF337800BAC5A9 /* ViewController.m in Sources */,
				628E88681CCF413300932A5D /* CGImageGIFView.m in Sources */,
				6252DB241CCF337800BAC5A9 /* AppDelegate.m in Sources */,
				624512A21CCF526400B4AE6B /* CAKeyframeAnimationGIFView.m in Sources */,
				6252DB211CCF337800BAC5A9 /* main.m in Sources */,
			);
			runOnlyForDeploymentPostprocessing = 0;
		};
/* End PBXSourcesBuildPhase section */

/* Begin PBXVariantGroup section */
		6252DB281CCF337800BAC5A9 /* Main.storyboard */ = {
			isa = PBXVariantGroup;
			children = (
				6252DB291CCF337800BAC5A9 /* Base */,
			);
			name = Main.storyboard;
			sourceTree = "<group>";
		};
		6252DB2D1CCF337800BAC5A9 /* LaunchScreen.storyboard */ = {
			isa = PBXVariantGroup;
			children = (
				6252DB2E1CCF337800BAC5A9 /* Base */,
			);
			name = LaunchScreen.storyboard;
			sourceTree = "<group>";
		};
/* End PBXVariantGroup section */

/* Begin XCBuildConfiguration section */
		6252DB311CCF337800BAC5A9 /* Debug */ = {
			isa = XCBuildConfiguration;
			buildSettings = {
				ALWAYS_SEARCH_USER_PATHS = NO;
				CLANG_ANALYZER_NONNULL = YES;
				CLANG_CXX_LANGUAGE_STANDARD = "gnu++0x";
				CLANG_CXX_LIBRARY = "libc++";
				CLANG_ENABLE_MODULES = YES;
				CLANG_ENABLE_OBJC_ARC = YES;
				CLANG_WARN_BOOL_CONVERSION = YES;
				CLANG_WARN_CONSTANT_CONVERSION = YES;
				CLANG_WARN_DIRECT_OBJC_ISA_USAGE = YES_ERROR;
				CLANG_WARN_EMPTY_BODY = YES;
				CLANG_WARN_ENUM_CONVERSION = YES;
				CLANG_WARN_INT_CONVERSION = YES;
				CLANG_WARN_OBJC_ROOT_CLASS = YES_ERROR;
				CLANG_WARN_UNREACHABLE_CODE = YES;
				CLANG_WARN__DUPLICATE_METHOD_MATCH = YES;
				"CODE_SIGN_IDENTITY[sdk=iphoneos*]" = "iPhone Developer";
				COPY_PHASE_STRIP = NO;
				DEBUG_INFORMATION_FORMAT = dwarf;
				ENABLE_STRICT_OBJC_MSGSEND = YES;
				ENABLE_TESTABILITY = YES;
				GCC_C_LANGUAGE_STANDARD = gnu99;
				GCC_DYNAMIC_NO_PIC = NO;
				GCC_NO_COMMON_BLOCKS = YES;
				GCC_OPTIMIZATION_LEVEL = 0;
				GCC_PREPROCESSOR_DEFINITIONS = (
					"DEBUG=1",
					"$(inherited)",
				);
				GCC_WARN_64_TO_32_BIT_CONVERSION = YES;
				GCC_WARN_ABOUT_RETURN_TYPE = YES_ERROR;
				GCC_WARN_UNDECLARED_SELECTOR = YES;
				GCC_WARN_UNINITIALIZED_AUTOS = YES_AGGRESSIVE;
				GCC_WARN_UNUSED_FUNCTION = YES;
				GCC_WARN_UNUSED_VARIABLE = YES;
				IPHONEOS_DEPLOYMENT_TARGET = 9.3;
				MTL_ENABLE_DEBUG_INFO = YES;
				ONLY_ACTIVE_ARCH = YES;
				SDKROOT = iphoneos;
				TARGETED_DEVICE_FAMILY = "1,2";
			};
			name = Debug;
		};
		6252DB321CCF337800BAC5A9 /* Release */ = {
			isa = XCBuildConfiguration;
			buildSettings = {
				ALWAYS_SEARCH_USER_PATHS = NO;
				CLANG_ANALYZER_NONNULL = YES;
				CLANG_CXX_LANGUAGE_STANDARD = "gnu++0x";
				CLANG_CXX_LIBRARY = "libc++";
				CLANG_ENABLE_MODULES = YES;
				CLANG_ENABLE_OBJC_ARC = YES;
				CLANG_WARN_BOOL_CONVERSION = YES;
				CLANG_WARN_CONSTANT_CONVERSION = YES;
				CLANG_WARN_DIRECT_OBJC_ISA_USAGE = YES_ERROR;
				CLANG_WARN_EMPTY_BODY = YES;
				CLANG_WARN_ENUM_CONVERSION = YES;
				CLANG_WARN_INT_CONVERSION = YES;
				CLANG_WARN_OBJC_ROOT_CLASS = YES_ERROR;
				CLANG_WARN_UNREACHABLE_CODE = YES;
				CLANG_WARN__DUPLICATE_METHOD_MATCH = YES;
				"CODE_SIGN_IDENTITY[sdk=iphoneos*]" = "iPhone Developer";
				COPY_PHASE_STRIP = NO;
				DEBUG_INFORMATION_FORMAT = "dwarf-with-dsym";
				ENABLE_NS_ASSERTIONS = NO;
				ENABLE_STRICT_OBJC_MSGSEND = YES;
				GCC_C_LANGUAGE_STANDARD = gnu99;
				GCC_NO_COMMON_BLOCKS = YES;
				GCC_WARN_64_TO_32_BIT_CONVERSION = YES;
				GCC_WARN_ABOUT_RETURN_TYPE = YES_ERROR;
				GCC_WARN_UNDECLARED_SELECTOR = YES;
				GCC_WARN_UNINITIALIZED_AUTOS = YES_AGGRESSIVE;
				GCC_WARN_UNUSED_FUNCTION = YES;
				GCC_WARN_UNUSED_VARIABLE = YES;
				IPHONEOS_DEPLOYMENT_TARGET = 9.3;
				MTL_ENABLE_DEBUG_INFO = NO;
				SDKROOT = iphoneos;
				TARGETED_DEVICE_FAMILY = "1,2";
				VALIDATE_PRODUCT = YES;
			};
			name = Release;
		};
		6252DB341CCF337800BAC5A9 /* Debug */ = {
			isa = XCBuildConfiguration;
			buildSettings = {
				ASSETCATALOG_COMPILER_APPICON_NAME = AppIcon;
				INFOPLIST_FILE = LoadGIF/Info.plist;
				LD_RUNPATH_SEARCH_PATHS = "$(inherited) @executable_path/Frameworks";
				PRODUCT_BUNDLE_IDENTIFIER = com.bourbonz.LoadGIF;
				PRODUCT_NAME = "$(TARGET_NAME)";
			};
			name = Debug;
		};
		6252DB351CCF337800BAC5A9 /* Release */ = {
			isa = XCBuildConfiguration;
			buildSettings = {
				ASSETCATALOG_COMPILER_APPICON_NAME = AppIcon;
				INFOPLIST_FILE = LoadGIF/Info.plist;
				LD_RUNPATH_SEARCH_PATHS = "$(inherited) @executable_path/Frameworks";
				PRODUCT_BUNDLE_IDENTIFIER = com.bourbonz.LoadGIF;
				PRODUCT_NAME = "$(TARGET_NAME)";
			};
			name = Release;
		};
/* End XCBuildConfiguration section */

/* Begin XCConfigurationList section */
		6252DB171CCF337800BAC5A9 /* Build configuration list for PBXProject "LoadGIF" */ = {
			isa = XCConfigurationList;
			buildConfigurations = (
				6252DB311CCF337800BAC5A9 /* Debug */,
				6252DB321CCF337800BAC5A9 /* Release */,
			);
			defaultConfigurationIsVisible = 0;
			defaultConfigurationName = Release;
		};
		6252DB331CCF337800BAC5A9 /* Build configuration list for PBXNativeTarget "LoadGIF" */ = {
			isa = XCConfigurationList;
			buildConfigurations = (
				6252DB341CCF337800BAC5A9 /* Debug */,
				6252DB351CCF337800BAC5A9 /* Release */,
			);
			defaultConfigurationIsVisible = 0;
			defaultConfigurationName = Release;
		};
/* End XCConfigurationList section */
	};
	rootObject = 6252DB141CCF337800BAC5A9 /* Project object */;
}
